
Microsoft Visual Studio Solution File, Format Version 12.00
# Visual Studio Version 17
VisualStudioVersion = 17.2.32602.215
MinimumVisualStudioVersion = 10.0.40219.1
Project("{FAE04EC0-301F-11D3-BF4B-00C04F79EFBC}") = "reversi-game", "reversi-game.csproj", "{D1CD713A-D6B1-487A-80C6-9691BA75478F}"
EndProject
Global
	GlobalSection(SolutionConfigurationPlatforms) = preSolution
		Debug|Any CPU = Debug|Any CPU
		Release|Any CPU = Release|Any CPU
	EndGlobalSection
	GlobalSection(ProjectConfigurationPlatforms) = postSolution
		{D1CD713A-D6B1-487A-80C6-9691BA75478F}.Debug|Any CPU.ActiveCfg = Debug|Any CPU
		{D1CD713A-D6B1-487A-80C6-9691BA75478F}.Debug|Any CPU.Build.0 = Debug|Any CPU
		{D1CD713A-D6B1-487A-80C6-9691BA75478F}.Release|Any CPU.ActiveCfg = Release|Any CPU
		{D1CD713A-D6B1-487A-80C6-9691BA75478F}.Release|Any CPU.Build.0 = Release|Any CPU
	EndGlobalSection
	GlobalSection(SolutionProperties) = preSolution
		HideSolutionNode = FALSE
	EndGlobalSection
	GlobalSection(ExtensibilityGlobals) = postSolution
		SolutionGuid = {B07B82F6-D05D-4AFF-BE6D-E2C83D1AEC90}
	EndGlobalSection
EndGlobal
