
Microsoft Visual Studio Solution File, Format Version 12.00
# Visual Studio Version 17
VisualStudioVersion = 17.2.32602.215
MinimumVisualStudioVersion = 10.0.40219.1
Project("{9A19103F-16F7-4668-BE54-9A1E7A4F7556}") = "reversi-game", "reversi-game.csproj", "{022FFA25-BE09-456C-8C0E-400104EC90EF}"
EndProject
Global
	GlobalSection(SolutionConfigurationPlatforms) = preSolution
		Debug|Any CPU = Debug|Any CPU
		Release|Any CPU = Release|Any CPU
	EndGlobalSection
	GlobalSection(ProjectConfigurationPlatforms) = postSolution
		{022FFA25-BE09-456C-8C0E-400104EC90EF}.Debug|Any CPU.ActiveCfg = Debug|Any CPU
		{022FFA25-BE09-456C-8C0E-400104EC90EF}.Debug|Any CPU.Build.0 = Debug|Any CPU
		{022FFA25-BE09-456C-8C0E-400104EC90EF}.Release|Any CPU.ActiveCfg = Release|Any CPU
		{022FFA25-BE09-456C-8C0E-400104EC90EF}.Release|Any CPU.Build.0 = Release|Any CPU
	EndGlobalSection
	GlobalSection(SolutionProperties) = preSolution
		HideSolutionNode = FALSE
	EndGlobalSection
	GlobalSection(ExtensibilityGlobals) = postSolution
		SolutionGuid = {C1CCC115-C110-47F0-B3F0-65B82A1886C3}
	EndGlobalSection
EndGlobal
